// !$*UTF8*$!
{
	archiveVersion = 1;
	classes = {
	};
	objectVersion = 77;
	objects = {

/* Begin PBXContainerItemProxy section */
		3492534C2D243C7A0056DE2F /* PBXContainerItemProxy */ = {
			isa = PBXContainerItemProxy;
			containerPortal = 349253332D243C790056DE2F /* Project object */;
			proxyType = 1;
			remoteGlobalIDString = 3492533A2D243C790056DE2F;
			remoteInfo = "WalkAround Checks";
		};
		349253562D243C7A0056DE2F /* PBXContainerItemProxy */ = {
			isa = PBXContainerItemProxy;
			containerPortal = 349253332D243C790056DE2F /* Project object */;
			proxyType = 1;
			remoteGlobalIDString = 3492533A2D243C790056DE2F;
			remoteInfo = "WalkAround Checks";
		};
/* End PBXContainerItemProxy section */

/* Begin PBXFileReference section */
		3492533B2D243C790056DE2F /* WalkAround Checks.app */ = {isa = PBXFileReference; explicitFileType = wrapper.application; includeInIndex = 0; path = "WalkAround Checks.app"; sourceTree = BUILT_PRODUCTS_DIR; };
		3492534B2D243C7A0056DE2F /* WalkAround ChecksTests.xctest */ = {isa = PBXFileReference; explicitFileType = wrapper.cfbundle; includeInIndex = 0; path = "WalkAround ChecksTests.xctest"; sourceTree = BUILT_PRODUCTS_DIR; };
		349253552D243C7A0056DE2F /* WalkAround ChecksUITests.xctest */ = {isa = PBXFileReference; explicitFileType = wrapper.cfbundle; includeInIndex = 0; path = "WalkAround ChecksUITests.xctest"; sourceTree = BUILT_PRODUCTS_DIR; };
/* End PBXFileReference section */

/* Begin PBXFileSystemSynchronizedRootGroup section */
		3492533D2D243C790056DE2F /* WalkAround Checks */ = {
			isa = PBXFileSystemSynchronizedRootGroup;
			path = "WalkAround Checks";
			sourceTree = "<group>";
		};
		3492534E2D243C7A0056DE2F /* WalkAround ChecksTests */ = {
			isa = PBXFileSystemSynchronizedRootGroup;
			path = "WalkAround ChecksTests";
			sourceTree = "<group>";
		};
		349253582D243C7A0056DE2F /* WalkAround ChecksUITests */ = {
			isa = PBXFileSystemSynchronizedRootGroup;
			path = "WalkAround ChecksUITests";
			sourceTree = "<group>";
		};
/* End PBXFileSystemSynchronizedRootGroup section */

/* Begin PBXFrameworksBuildPhase section */
		349253382D243C790056DE2F /* Frameworks */ = {
			isa = PBXFrameworksBuildPhase;
			buildActionMask = 2147483647;
			files = (
			);
			runOnlyForDeploymentPostprocessing = 0;
		};
		349253482D243C7A0056DE2F /* Frameworks */ = {
			isa = PBXFrameworksBuildPhase;
			buildActionMask = 2147483647;
			files = (
			);
			runOnlyForDeploymentPostprocessing = 0;
		};
		349253522D243C7A0056DE2F /* Frameworks */ = {
			isa = PBXFrameworksBuildPhase;
			buildActionMask = 2147483647;
			files = (
			);
			runOnlyForDeploymentPostprocessing = 0;
		};
/* End PBXFrameworksBuildPhase section */

/* Begin PBXGroup section */
		349253322D243C790056DE2F = {
			isa = PBXGroup;
			children = (
				3492533D2D243C790056DE2F /* WalkAround Checks */,
				3492534E2D243C7A0056DE2F /* WalkAround ChecksTests */,
				349253582D243C7A0056DE2F /* WalkAround ChecksUITests */,
				3492533C2D243C790056DE2F /* Products */,
			);
			sourceTree = "<group>";
		};
		3492533C2D243C790056DE2F /* Products */ = {
			isa = PBXGroup;
			children = (
				3492533B2D243C790056DE2F /* WalkAround Checks.app */,
				3492534B2D243C7A0056DE2F /* WalkAround ChecksTests.xctest */,
				349253552D243C7A0056DE2F /* WalkAround ChecksUITests.xctest */,
			);
			name = Products;
			sourceTree = "<group>";
		};
/* End PBXGroup section */

/* Begin PBXNativeTarget section */
		3492533A2D243C790056DE2F /* WalkAround Checks */ = {
			isa = PBXNativeTarget;
			buildConfigurationList = 3492535F2D243C7A0056DE2F /* Build configuration list for PBXNativeTarget "WalkAround Checks" */;
			buildPhases = (
				349253372D243C790056DE2F /* Sources */,
				349253382D243C790056DE2F /* Frameworks */,
				349253392D243C790056DE2F /* Resources */,
			);
			buildRules = (
			);
			dependencies = (
			);
			fileSystemSynchronizedGroups = (
				3492533D2D243C790056DE2F /* WalkAround Checks */,
			);
			name = "WalkAround Checks";
			packageProductDependencies = (
			);
			productName = "WalkAround Checks";
			productReference = 3492533B2D243C790056DE2F /* WalkAround Checks.app */;
			productType = "com.apple.product-type.application";
		};
		3492534A2D243C7A0056DE2F /* WalkAround ChecksTests */ = {
			isa = PBXNativeTarget;
			buildConfigurationList = 349253622D243C7A0056DE2F /* Build configuration list for PBXNativeTarget "WalkAround ChecksTests" */;
			buildPhases = (
				349253472D243C7A0056DE2F /* Sources */,
				349253482D243C7A0056DE2F /* Frameworks */,
				349253492D243C7A0056DE2F /* Resources */,
			);
			buildRules = (
			);
			dependencies = (
				3492534D2D243C7A0056DE2F /* PBXTargetDependency */,
			);
			fileSystemSynchronizedGroups = (
				3492534E2D243C7A0056DE2F /* WalkAround ChecksTests */,
			);
			name = "WalkAround ChecksTests";
			packageProductDependencies = (
			);
			productName = "WalkAround ChecksTests";
			productReference = 3492534B2D243C7A0056DE2F /* WalkAround ChecksTests.xctest */;
			productType = "com.apple.product-type.bundle.unit-test";
		};
		349253542D243C7A0056DE2F /* WalkAround ChecksUITests */ = {
			isa = PBXNativeTarget;
			buildConfigurationList = 349253652D243C7A0056DE2F /* Build configuration list for PBXNativeTarget "WalkAround ChecksUITests" */;
			buildPhases = (
				349253512D243C7A0056DE2F /* Sources */,
				349253522D243C7A0056DE2F /* Frameworks */,
				349253532D243C7A0056DE2F /* Resources */,
			);
			buildRules = (
			);
			dependencies = (
				349253572D243C7A0056DE2F /* PBXTargetDependency */,
			);
			fileSystemSynchronizedGroups = (
				349253582D243C7A0056DE2F /* WalkAround ChecksUITests */,
			);
			name = "WalkAround ChecksUITests";
			packageProductDependencies = (
			);
			productName = "WalkAround ChecksUITests";
			productReference = 349253552D243C7A0056DE2F /* WalkAround ChecksUITests.xctest */;
			productType = "com.apple.product-type.bundle.ui-testing";
		};
/* End PBXNativeTarget section */

/* Begin PBXProject section */
		349253332D243C790056DE2F /* Project object */ = {
			isa = PBXProject;
			attributes = {
				BuildIndependentTargetsInParallel = 1;
				LastSwiftUpdateCheck = 1620;
				LastUpgradeCheck = 1620;
				TargetAttributes = {
					3492533A2D243C790056DE2F = {
						CreatedOnToolsVersion = 16.2;
					};
					3492534A2D243C7A0056DE2F = {
						CreatedOnToolsVersion = 16.2;
						TestTargetID = 3492533A2D243C790056DE2F;
					};
					349253542D243C7A0056DE2F = {
						CreatedOnToolsVersion = 16.2;
						TestTargetID = 3492533A2D243C790056DE2F;
					};
				};
			};
			buildConfigurationList = 349253362D243C790056DE2F /* Build configuration list for PBXProject "WalkAround Checks" */;
			developmentRegion = en;
			hasScannedForEncodings = 0;
			knownRegions = (
				en,
				Base,
			);
			mainGroup = 349253322D243C790056DE2F;
			minimizedProjectReferenceProxies = 1;
			preferredProjectObjectVersion = 77;
			productRefGroup = 3492533C2D243C790056DE2F /* Products */;
			projectDirPath = "";
			projectRoot = "";
			targets = (
				3492533A2D243C790056DE2F /* WalkAround Checks */,
				3492534A2D243C7A0056DE2F /* WalkAround ChecksTests */,
				349253542D243C7A0056DE2F /* WalkAround ChecksUITests */,
			);
		};
/* End PBXProject section */

/* Begin PBXResourcesBuildPhase section */
		349253392D243C790056DE2F /* Resources */ = {
			isa = PBXResourcesBuildPhase;
			buildActionMask = 2147483647;
			files = (
			);
			runOnlyForDeploymentPostprocessing = 0;
		};
		349253492D243C7A0056DE2F /* Resources */ = {
			isa = PBXResourcesBuildPhase;
			buildActionMask = 2147483647;
			files = (
			);
			runOnlyForDeploymentPostprocessing = 0;
		};
		349253532D243C7A0056DE2F /* Resources */ = {
			isa = PBXResourcesBuildPhase;
			buildActionMask = 2147483647;
			files = (
			);
			runOnlyForDeploymentPostprocessing = 0;
		};
/* End PBXResourcesBuildPhase section */

/* Begin PBXSourcesBuildPhase section */
		349253372D243C790056DE2F /* Sources */ = {
			isa = PBXSourcesBuildPhase;
			buildActionMask = 2147483647;
			files = (
			);
			runOnlyForDeploymentPostprocessing = 0;
		};
		349253472D243C7A0056DE2F /* Sources */ = {
			isa = PBXSourcesBuildPhase;
			buildActionMask = 2147483647;
			files = (
			);
			runOnlyForDeploymentPostprocessing = 0;
		};
		349253512D243C7A0056DE2F /* Sources */ = {
			isa = PBXSourcesBuildPhase;
			buildActionMask = 2147483647;
			files = (
			);
			runOnlyForDeploymentPostprocessing = 0;
		};
/* End PBXSourcesBuildPhase section */

/* Begin PBXTargetDependency section */
		3492534D2D243C7A0056DE2F /* PBXTargetDependency */ = {
			isa = PBXTargetDependency;
			target = 3492533A2D243C790056DE2F /* WalkAround Checks */;
			targetProxy = 3492534C2D243C7A0056DE2F /* PBXContainerItemProxy */;
		};
		349253572D243C7A0056DE2F /* PBXTargetDependency */ = {
			isa = PBXTargetDependency;
			target = 3492533A2D243C790056DE2F /* WalkAround Checks */;
			targetProxy = 349253562D243C7A0056DE2F /* PBXContainerItemProxy */;
		};
/* End PBXTargetDependency section */

/* Begin XCBuildConfiguration section */
		3492535D2D243C7A0056DE2F /* Debug */ = {
			isa = XCBuildConfiguration;
			buildSettings = {
				ALWAYS_SEARCH_USER_PATHS = NO;
				ASSETCATALOG_COMPILER_GENERATE_SWIFT_ASSET_SYMBOL_EXTENSIONS = YES;
				CLANG_ANALYZER_NONNULL = YES;
				CLANG_ANALYZER_NUMBER_OBJECT_CONVERSION = YES_AGGRESSIVE;
				CLANG_CXX_LANGUAGE_STANDARD = "gnu++20";
				CLANG_ENABLE_MODULES = YES;
				CLANG_ENABLE_OBJC_ARC = YES;
				CLANG_ENABLE_OBJC_WEAK = YES;
				CLANG_WARN_BLOCK_CAPTURE_AUTORELEASING = YES;
				CLANG_WARN_BOOL_CONVERSION = YES;
				CLANG_WARN_COMMA = YES;
				CLANG_WARN_CONSTANT_CONVERSION = YES;
				CLANG_WARN_DEPRECATED_OBJC_IMPLEMENTATIONS = YES;
				CLANG_WARN_DIRECT_OBJC_ISA_USAGE = YES_ERROR;
				CLANG_WARN_DOCUMENTATION_COMMENTS = YES;
				CLANG_WARN_EMPTY_BODY = YES;
				CLANG_WARN_ENUM_CONVERSION = YES;
				CLANG_WARN_INFINITE_RECURSION = YES;
				CLANG_WARN_INT_CONVERSION = YES;
				CLANG_WARN_NON_LITERAL_NULL_CONVERSION = YES;
				CLANG_WARN_OBJC_IMPLICIT_RETAIN_SELF = YES;
				CLANG_WARN_OBJC_LITERAL_CONVERSION = YES;
				CLANG_WARN_OBJC_ROOT_CLASS = YES_ERROR;
				CLANG_WARN_QUOTED_INCLUDE_IN_FRAMEWORK_HEADER = YES;
				CLANG_WARN_RANGE_LOOP_ANALYSIS = YES;
				CLANG_WARN_STRICT_PROTOTYPES = YES;
				CLANG_WARN_SUSPICIOUS_MOVE = YES;
				CLANG_WARN_UNGUARDED_AVAILABILITY = YES_AGGRESSIVE;
				CLANG_WARN_UNREACHABLE_CODE = YES;
				CLANG_WARN__DUPLICATE_METHOD_MATCH = YES;
				COPY_PHASE_STRIP = NO;
				DEBUG_INFORMATION_FORMAT = dwarf;
				ENABLE_STRICT_OBJC_MSGSEND = YES;
				ENABLE_TESTABILITY = YES;
				ENABLE_USER_SCRIPT_SANDBOXING = YES;
				GCC_C_LANGUAGE_STANDARD = gnu17;
				GCC_DYNAMIC_NO_PIC = NO;
				GCC_NO_COMMON_BLOCKS = YES;
				GCC_OPTIMIZATION_LEVEL = 0;
				GCC_PREPROCESSOR_DEFINITIONS = (
					"DEBUG=1",
					"$(inherited)",
				);
				GCC_WARN_64_TO_32_BIT_CONVERSION = YES;
				GCC_WARN_ABOUT_RETURN_TYPE = YES_ERROR;
				GCC_WARN_UNDECLARED_SELECTOR = YES;
				GCC_WARN_UNINITIALIZED_AUTOS = YES_AGGRESSIVE;
				GCC_WARN_UNUSED_FUNCTION = YES;
				GCC_WARN_UNUSED_VARIABLE = YES;
				IPHONEOS_DEPLOYMENT_TARGET = 18.2;
				LOCALIZATION_PREFERS_STRING_CATALOGS = YES;
				MTL_ENABLE_DEBUG_INFO = INCLUDE_SOURCE;
				MTL_FAST_MATH = YES;
				ONLY_ACTIVE_ARCH = YES;
				SDKROOT = iphoneos;
				SWIFT_ACTIVE_COMPILATION_CONDITIONS = "DEBUG $(inherited)";
				SWIFT_OPTIMIZATION_LEVEL = "-Onone";
			};
			name = Debug;
		};
		3492535E2D243C7A0056DE2F /* Release */ = {
			isa = XCBuildConfiguration;
			buildSettings = {
				ALWAYS_SEARCH_USER_PATHS = NO;
				ASSETCATALOG_COMPILER_GENERATE_SWIFT_ASSET_SYMBOL_EXTENSIONS = YES;
				CLANG_ANALYZER_NONNULL = YES;
				CLANG_ANALYZER_NUMBER_OBJECT_CONVERSION = YES_AGGRESSIVE;
				CLANG_CXX_LANGUAGE_STANDARD = "gnu++20";
				CLANG_ENABLE_MODULES = YES;
				CLANG_ENABLE_OBJC_ARC = YES;
				CLANG_ENABLE_OBJC_WEAK = YES;
				CLANG_WARN_BLOCK_CAPTURE_AUTORELEASING = YES;
				CLANG_WARN_BOOL_CONVERSION = YES;
				CLANG_WARN_COMMA = YES;
				CLANG_WARN_CONSTANT_CONVERSION = YES;
				CLANG_WARN_DEPRECATED_OBJC_IMPLEMENTATIONS = YES;
				CLANG_WARN_DIRECT_OBJC_ISA_USAGE = YES_ERROR;
				CLANG_WARN_DOCUMENTATION_COMMENTS = YES;
				CLANG_WARN_EMPTY_BODY = YES;
				CLANG_WARN_ENUM_CONVERSION = YES;
				CLANG_WARN_INFINITE_RECURSION = YES;
				CLANG_WARN_INT_CONVERSION = YES;
				CLANG_WARN_NON_LITERAL_NULL_CONVERSION = YES;
				CLANG_WARN_OBJC_IMPLICIT_RETAIN_SELF = YES;
				CLANG_WARN_OBJC_LITERAL_CONVERSION = YES;
				CLANG_WARN_OBJC_ROOT_CLASS = YES_ERROR;
				CLANG_WARN_QUOTED_INCLUDE_IN_FRAMEWORK_HEADER = YES;
				CLANG_WARN_RANGE_LOOP_ANALYSIS = YES;
				CLANG_WARN_STRICT_PROTOTYPES = YES;
				CLANG_WARN_SUSPICIOUS_MOVE = YES;
				CLANG_WARN_UNGUARDED_AVAILABILITY = YES_AGGRESSIVE;
				CLANG_WARN_UNREACHABLE_CODE = YES;
				CLANG_WARN__DUPLICATE_METHOD_MATCH = YES;
				COPY_PHASE_STRIP = NO;
				DEBUG_INFORMATION_FORMAT = "dwarf-with-dsym";
				ENABLE_NS_ASSERTIONS = NO;
				ENABLE_STRICT_OBJC_MSGSEND = YES;
				ENABLE_USER_SCRIPT_SANDBOXING = YES;
				GCC_C_LANGUAGE_STANDARD = gnu17;
				GCC_NO_COMMON_BLOCKS = YES;
				GCC_WARN_64_TO_32_BIT_CONVERSION = YES;
				GCC_WARN_ABOUT_RETURN_TYPE = YES_ERROR;
				GCC_WARN_UNDECLARED_SELECTOR = YES;
				GCC_WARN_UNINITIALIZED_AUTOS = YES_AGGRESSIVE;
				GCC_WARN_UNUSED_FUNCTION = YES;
				GCC_WARN_UNUSED_VARIABLE = YES;
				IPHONEOS_DEPLOYMENT_TARGET = 18.2;
				LOCALIZATION_PREFERS_STRING_CATALOGS = YES;
				MTL_ENABLE_DEBUG_INFO = NO;
				MTL_FAST_MATH = YES;
				SDKROOT = iphoneos;
				SWIFT_COMPILATION_MODE = wholemodule;
				VALIDATE_PRODUCT = YES;
			};
			name = Release;
		};
		349253602D243C7A0056DE2F /* Debug */ = {
			isa = XCBuildConfiguration;
			buildSettings = {
				ASSETCATALOG_COMPILER_APPICON_NAME = AppIcon;
				ASSETCATALOG_COMPILER_GLOBAL_ACCENT_COLOR_NAME = AccentColor;
				CODE_SIGN_STYLE = Automatic;
				CURRENT_PROJECT_VERSION = 1;
				DEVELOPMENT_ASSET_PATHS = "\"WalkAround Checks/Preview Content\"";
				DEVELOPMENT_TEAM = V955UP3Y27;
				ENABLE_PREVIEWS = YES;
				GENERATE_INFOPLIST_FILE = YES;
				INFOPLIST_KEY_UIApplicationSceneManifest_Generation = YES;
				INFOPLIST_KEY_UIApplicationSupportsIndirectInputEvents = YES;
				INFOPLIST_KEY_UILaunchScreen_Generation = YES;
				INFOPLIST_KEY_UISupportedInterfaceOrientations_iPad = "UIInterfaceOrientationPortrait UIInterfaceOrientationPortraitUpsideDown UIInterfaceOrientationLandscapeLeft UIInterfaceOrientationLandscapeRight";
				INFOPLIST_KEY_UISupportedInterfaceOrientations_iPhone = "UIInterfaceOrientationPortrait UIInterfaceOrientationLandscapeLeft UIInterfaceOrientationLandscapeRight";
				LD_RUNPATH_SEARCH_PATHS = (
					"$(inherited)",
					"@executable_path/Frameworks",
				);
				MARKETING_VERSION = 1.0;
				PRODUCT_BUNDLE_IDENTIFIER = "ie.truckerselite.WalkAround-Checks";
				PRODUCT_NAME = "$(TARGET_NAME)";
				SWIFT_EMIT_LOC_STRINGS = YES;
				SWIFT_VERSION = 5.0;
				TARGETED_DEVICE_FAMILY = "1,2";
			};
			name = Debug;
		};
		349253612D243C7A0056DE2F /* Release */ = {
			isa = XCBuildConfiguration;
			buildSettings = {
				ASSETCATALOG_COMPILER_APPICON_NAME = AppIcon;
				ASSETCATALOG_COMPILER_GLOBAL_ACCENT_COLOR_NAME = AccentColor;
				CODE_SIGN_STYLE = Automatic;
				CURRENT_PROJECT_VERSION = 1;
				DEVELOPMENT_ASSET_PATHS = "\"WalkAround Checks/Preview Content\"";
				DEVELOPMENT_TEAM = V955UP3Y27;
				ENABLE_PREVIEWS = YES;
				GENERATE_INFOPLIST_FILE = YES;
				INFOPLIST_KEY_UIApplicationSceneManifest_Generation = YES;
				INFOPLIST_KEY_UIApplicationSupportsIndirectInputEvents = YES;
				INFOPLIST_KEY_UILaunchScreen_Generation = YES;
				INFOPLIST_KEY_UISupportedInterfaceOrientations_iPad = "UIInterfaceOrientationPortrait UIInterfaceOrientationPortraitUpsideDown UIInterfaceOrientationLandscapeLeft UIInterfaceOrientationLandscapeRight";
				INFOPLIST_KEY_UISupportedInterfaceOrientations_iPhone = "UIInterfaceOrientationPortrait UIInterfaceOrientationLandscapeLeft UIInterfaceOrientationLandscapeRight";
				LD_RUNPATH_SEARCH_PATHS = (
					"$(inherited)",
					"@executable_path/Frameworks",
				);
				MARKETING_VERSION = 1.0;
				PRODUCT_BUNDLE_IDENTIFIER = "ie.truckerselite.WalkAround-Checks";
				PRODUCT_NAME = "$(TARGET_NAME)";
				SWIFT_EMIT_LOC_STRINGS = YES;
				SWIFT_VERSION = 5.0;
				TARGETED_DEVICE_FAMILY = "1,2";
			};
			name = Release;
		};
		349253632D243C7A0056DE2F /* Debug */ = {
			isa = XCBuildConfiguration;
			buildSettings = {
				BUNDLE_LOADER = "$(TEST_HOST)";
				CODE_SIGN_STYLE = Automatic;
				CURRENT_PROJECT_VERSION = 1;
				DEVELOPMENT_TEAM = V955UP3Y27;
				GENERATE_INFOPLIST_FILE = YES;
				IPHONEOS_DEPLOYMENT_TARGET = 18.2;
				MARKETING_VERSION = 1.0;
				PRODUCT_BUNDLE_IDENTIFIER = "ie.truckerselite.WalkAround-ChecksTests";
				PRODUCT_NAME = "$(TARGET_NAME)";
				SWIFT_EMIT_LOC_STRINGS = NO;
				SWIFT_VERSION = 5.0;
				TARGETED_DEVICE_FAMILY = "1,2";
				TEST_HOST = "$(BUILT_PRODUCTS_DIR)/WalkAround Checks.app/$(BUNDLE_EXECUTABLE_FOLDER_PATH)/WalkAround Checks";
			};
			name = Debug;
		};
		349253642D243C7A0056DE2F /* Release */ = {
			isa = XCBuildConfiguration;
			buildSettings = {
				BUNDLE_LOADER = "$(TEST_HOST)";
				CODE_SIGN_STYLE = Automatic;
				CURRENT_PROJECT_VERSION = 1;
				DEVELOPMENT_TEAM = V955UP3Y27;
				GENERATE_INFOPLIST_FILE = YES;
				IPHONEOS_DEPLOYMENT_TARGET = 18.2;
				MARKETING_VERSION = 1.0;
				PRODUCT_BUNDLE_IDENTIFIER = "ie.truckerselite.WalkAround-ChecksTests";
				PRODUCT_NAME = "$(TARGET_NAME)";
				SWIFT_EMIT_LOC_STRINGS = NO;
				SWIFT_VERSION = 5.0;
				TARGETED_DEVICE_FAMILY = "1,2";
				TEST_HOST = "$(BUILT_PRODUCTS_DIR)/WalkAround Checks.app/$(BUNDLE_EXECUTABLE_FOLDER_PATH)/WalkAround Checks";
			};
			name = Release;
		};
		349253662D243C7A0056DE2F /* Debug */ = {
			isa = XCBuildConfiguration;
			buildSettings = {
				CODE_SIGN_STYLE = Automatic;
				CURRENT_PROJECT_VERSION = 1;
				DEVELOPMENT_TEAM = V955UP3Y27;
				GENERATE_INFOPLIST_FILE = YES;
				MARKETING_VERSION = 1.0;
				PRODUCT_BUNDLE_IDENTIFIER = "ie.truckerselite.WalkAround-ChecksUITests";
				PRODUCT_NAME = "$(TARGET_NAME)";
				SWIFT_EMIT_LOC_STRINGS = NO;
				SWIFT_VERSION = 5.0;
				TARGETED_DEVICE_FAMILY = "1,2";
				TEST_TARGET_NAME = "WalkAround Checks";
			};
			name = Debug;
		};
		349253672D243C7A0056DE2F /* Release */ = {
			isa = XCBuildConfiguration;
			buildSettings = {
				CODE_SIGN_STYLE = Automatic;
				CURRENT_PROJECT_VERSION = 1;
				DEVELOPMENT_TEAM = V955UP3Y27;
				GENERATE_INFOPLIST_FILE = YES;
				MARKETING_VERSION = 1.0;
				PRODUCT_BUNDLE_IDENTIFIER = "ie.truckerselite.WalkAround-ChecksUITests";
				PRODUCT_NAME = "$(TARGET_NAME)";
				SWIFT_EMIT_LOC_STRINGS = NO;
				SWIFT_VERSION = 5.0;
				TARGETED_DEVICE_FAMILY = "1,2";
				TEST_TARGET_NAME = "WalkAround Checks";
			};
			name = Release;
		};
/* End XCBuildConfiguration section */

/* Begin XCConfigurationList section */
		349253362D243C790056DE2F /* Build configuration list for PBXProject "WalkAround Checks" */ = {
			isa = XCConfigurationList;
			buildConfigurations = (
				3492535D2D243C7A0056DE2F /* Debug */,
				3492535E2D243C7A0056DE2F /* Release */,
			);
			defaultConfigurationIsVisible = 0;
			defaultConfigurationName = Release;
		};
		3492535F2D243C7A0056DE2F /* Build configuration list for PBXNativeTarget "WalkAround Checks" */ = {
			isa = XCConfigurationList;
			buildConfigurations = (
				349253602D243C7A0056DE2F /* Debug */,
				349253612D243C7A0056DE2F /* Release */,
			);
			defaultConfigurationIsVisible = 0;
			defaultConfigurationName = Release;
		};
		349253622D243C7A0056DE2F /* Build configuration list for PBXNativeTarget "WalkAround ChecksTests" */ = {
			isa = XCConfigurationList;
			buildConfigurations = (
				349253632D243C7A0056DE2F /* Debug */,
				349253642D243C7A0056DE2F /* Release */,
			);
			defaultConfigurationIsVisible = 0;
			defaultConfigurationName = Release;
		};
		349253652D243C7A0056DE2F /* Build configuration list for PBXNativeTarget "WalkAround ChecksUITests" */ = {
			isa = XCConfigurationList;
			buildConfigurations = (
				349253662D243C7A0056DE2F /* Debug */,
				349253672D243C7A0056DE2F /* Release */,
			);
			defaultConfigurationIsVisible = 0;
			defaultConfigurationName = Release;
		};
/* End XCConfigurationList section */
	};
	rootObject = 349253332D243C790056DE2F /* Project object */;
}
